// !$*UTF8*$!
{
	archiveVersion = 1;
	classes = {
	};
	objectVersion = 46;
	objects = {

/* Begin PBXBuildFile section */
		BFB544611B7AEBC5003F1662 /* AppDelegate.swift in Sources */ = {isa = PBXBuildFile; fileRef = BFB544601B7AEBC5003F1662 /* AppDelegate.swift */; };
		BFB544631B7AEBC5003F1662 /* ViewController.swift in Sources */ = {isa = PBXBuildFile; fileRef = BFB544621B7AEBC5003F1662 /* ViewController.swift */; };
		BFB544661B7AEBC5003F1662 /* Main.storyboard in Resources */ = {isa = PBXBuildFile; fileRef = BFB544641B7AEBC5003F1662 /* Main.storyboard */; };
		BFB544681B7AEBC5003F1662 /* Assets.xcassets in Resources */ = {isa = PBXBuildFile; fileRef = BFB544671B7AEBC5003F1662 /* Assets.xcassets */; };
		BFB544731B7AEC14003F1662 /* NumberSpinner.swift in Sources */ = {isa = PBXBuildFile; fileRef = BFB544721B7AEC14003F1662 /* NumberSpinner.swift */; };
/* End PBXBuildFile section */

/* Begin PBXFileReference section */
		BFB5445D1B7AEBC5003F1662 /* NumberSpinner.app */ = {isa = PBXFileReference; explicitFileType = wrapper.application; includeInIndex = 0; path = NumberSpinner.app; sourceTree = BUILT_PRODUCTS_DIR; };
		BFB544601B7AEBC5003F1662 /* AppDelegate.swift */ = {isa = PBXFileReference; lastKnownFileType = sourcecode.swift; path = AppDelegate.swift; sourceTree = "<group>"; };
		BFB544621B7AEBC5003F1662 /* ViewController.swift */ = {isa = PBXFileReference; lastKnownFileType = sourcecode.swift; path = ViewController.swift; sourceTree = "<group>"; };
		BFB544651B7AEBC5003F1662 /* Base */ = {isa = PBXFileReference; lastKnownFileType = file.storyboard; name = Base; path = Base.lproj/Main.storyboard; sourceTree = "<group>"; };
		BFB544671B7AEBC5003F1662 /* Assets.xcassets */ = {isa = PBXFileReference; lastKnownFileType = folder.assetcatalog; path = Assets.xcassets; sourceTree = "<group>"; };
		BFB5446C1B7AEBC5003F1662 /* Info.plist */ = {isa = PBXFileReference; lastKnownFileType = text.plist.xml; path = Info.plist; sourceTree = "<group>"; };
		BFB544721B7AEC14003F1662 /* NumberSpinner.swift */ = {isa = PBXFileReference; fileEncoding = 4; lastKnownFileType = sourcecode.swift; path = NumberSpinner.swift; sourceTree = "<group>"; };
/* End PBXFileReference section */

/* Begin PBXFrameworksBuildPhase section */
		BFB5445A1B7AEBC5003F1662 /* Frameworks */ = {
			isa = PBXFrameworksBuildPhase;
			buildActionMask = 2147483647;
			files = (
			);
			runOnlyForDeploymentPostprocessing = 0;
		};
/* End PBXFrameworksBuildPhase section */

/* Begin PBXGroup section */
		BFB544541B7AEBC5003F1662 = {
			isa = PBXGroup;
			children = (
				BFB5445F1B7AEBC5003F1662 /* NumberSpinner */,
				BFB5445E1B7AEBC5003F1662 /* Products */,
			);
			sourceTree = "<group>";
		};
		BFB5445E1B7AEBC5003F1662 /* Products */ = {
			isa = PBXGroup;
			children = (
				BFB5445D1B7AEBC5003F1662 /* NumberSpinner.app */,
			);
			name = Products;
			sourceTree = "<group>";
		};
		BFB5445F1B7AEBC5003F1662 /* NumberSpinner */ = {
			isa = PBXGroup;
			children = (
				BFB544601B7AEBC5003F1662 /* AppDelegate.swift */,
				BFB544621B7AEBC5003F1662 /* ViewController.swift */,
				BFB544641B7AEBC5003F1662 /* Main.storyboard */,
				BFB544671B7AEBC5003F1662 /* Assets.xcassets */,
				BFB5446C1B7AEBC5003F1662 /* Info.plist */,
				BFB544721B7AEC14003F1662 /* NumberSpinner.swift */,
			);
			path = NumberSpinner;
			sourceTree = "<group>";
		};
/* End PBXGroup section */

/* Begin PBXNativeTarget section */
		BFB5445C1B7AEBC5003F1662 /* NumberSpinner */ = {
			isa = PBXNativeTarget;
			buildConfigurationList = BFB5446F1B7AEBC5003F1662 /* Build configuration list for PBXNativeTarget "NumberSpinner" */;
			buildPhases = (
				BFB544591B7AEBC5003F1662 /* Sources */,
				BFB5445A1B7AEBC5003F1662 /* Frameworks */,
				BFB5445B1B7AEBC5003F1662 /* Resources */,
			);
			buildRules = (
			);
			dependencies = (
			);
			name = NumberSpinner;
			productName = NumberSpinner;
			productReference = BFB5445D1B7AEBC5003F1662 /* NumberSpinner.app */;
			productType = "com.apple.product-type.application";
		};
/* End PBXNativeTarget section */

/* Begin PBXProject section */
		BFB544551B7AEBC5003F1662 /* Project object */ = {
			isa = PBXProject;
			attributes = {
				LastUpgradeCheck = 0700;
				ORGANIZATIONNAME = Fujia;
				TargetAttributes = {
					BFB5445C1B7AEBC5003F1662 = {
						CreatedOnToolsVersion = 7.0;
					};
				};
			};
			buildConfigurationList = BFB544581B7AEBC5003F1662 /* Build configuration list for PBXProject "NumberSpinner" */;
			compatibilityVersion = "Xcode 3.2";
			developmentRegion = English;
			hasScannedForEncodings = 0;
			knownRegions = (
				en,
				Base,
			);
			mainGroup = BFB544541B7AEBC5003F1662;
			productRefGroup = BFB5445E1B7AEBC5003F1662 /* Products */;
			projectDirPath = "";
			projectRoot = "";
			targets = (
				BFB5445C1B7AEBC5003F1662 /* NumberSpinner */,
			);
		};
/* End PBXProject section */

/* Begin PBXResourcesBuildPhase section */
		BFB5445B1B7AEBC5003F1662 /* Resources */ = {
			isa = PBXResourcesBuildPhase;
			buildActionMask = 2147483647;
			files = (
				BFB544681B7AEBC5003F1662 /* Assets.xcassets in Resources */,
				BFB544661B7AEBC5003F1662 /* Main.storyboard in Resources */,
			);
			runOnlyForDeploymentPostprocessing = 0;
		};
/* End PBXResourcesBuildPhase section */

/* Begin PBXSourcesBuildPhase section */
		BFB544591B7AEBC5003F1662 /* Sources */ = {
			isa = PBXSourcesBuildPhase;
			buildActionMask = 2147483647;
			files = (
				BFB544631B7AEBC5003F1662 /* ViewController.swift in Sources */,
				BFB544731B7AEC14003F1662 /* NumberSpinner.swift in Sources */,
				BFB544611B7AEBC5003F1662 /* AppDelegate.swift in Sources */,
			);
			runOnlyForDeploymentPostprocessing = 0;
		};
/* End PBXSourcesBuildPhase section */

/* Begin PBXVariantGroup section */
		BFB544641B7AEBC5003F1662 /* Main.storyboard */ = {
			isa = PBXVariantGroup;
			children = (
				BFB544651B7AEBC5003F1662 /* Base */,
			);
			name = Main.storyboard;
			sourceTree = "<group>";
		};
/* End PBXVariantGroup section */

/* Begin XCBuildConfiguration section */
		BFB5446D1B7AEBC5003F1662 /* Debug */ = {
			isa = XCBuildConfiguration;
			buildSettings = {
				ALWAYS_SEARCH_USER_PATHS = NO;
				CLANG_CXX_LANGUAGE_STANDARD = "gnu++0x";
				CLANG_CXX_LIBRARY = "libc++";
				CLANG_ENABLE_MODULES = YES;
				CLANG_ENABLE_OBJC_ARC = YES;
				CLANG_WARN_BOOL_CONVERSION = YES;
				CLANG_WARN_CONSTANT_CONVERSION = YES;
				CLANG_WARN_DIRECT_OBJC_ISA_USAGE = YES_ERROR;
				CLANG_WARN_EMPTY_BODY = YES;
				CLANG_WARN_ENUM_CONVERSION = YES;
				CLANG_WARN_INT_CONVERSION = YES;
				CLANG_WARN_OBJC_ROOT_CLASS = YES_ERROR;
				CLANG_WARN_UNREACHABLE_CODE = YES;
				CLANG_WARN__DUPLICATE_METHOD_MATCH = YES;
				"CODE_SIGN_IDENTITY[sdk=iphoneos*]" = "iPhone Developer";
				COPY_PHASE_STRIP = NO;
				DEBUG_INFORMATION_FORMAT = dwarf;
				ENABLE_STRICT_OBJC_MSGSEND = YES;
				ENABLE_TESTABILITY = YES;
				GCC_C_LANGUAGE_STANDARD = gnu99;
				GCC_DYNAMIC_NO_PIC = NO;
				GCC_NO_COMMON_BLOCKS = YES;
				GCC_OPTIMIZATION_LEVEL = 0;
				GCC_PREPROCESSOR_DEFINITIONS = (
					"DEBUG=1",
					"$(inherited)",
				);
				GCC_WARN_64_TO_32_BIT_CONVERSION = YES;
				GCC_WARN_ABOUT_RETURN_TYPE = YES_ERROR;
				GCC_WARN_UNDECLARED_SELECTOR = YES;
				GCC_WARN_UNINITIALIZED_AUTOS = YES_AGGRESSIVE;
				GCC_WARN_UNUSED_FUNCTION = YES;
				GCC_WARN_UNUSED_VARIABLE = YES;
				IPHONEOS_DEPLOYMENT_TARGET = 9.0;
				MTL_ENABLE_DEBUG_INFO = YES;
				ONLY_ACTIVE_ARCH = YES;
				SDKROOT = iphoneos;
				SWIFT_OPTIMIZATION_LEVEL = "-Onone";
			};
			name = Debug;
		};
		BFB5446E1B7AEBC5003F1662 /* Release */ = {
			isa = XCBuildConfiguration;
			buildSettings = {
				ALWAYS_SEARCH_USER_PATHS = NO;
				CLANG_CXX_LANGUAGE_STANDARD = "gnu++0x";
				CLANG_CXX_LIBRARY = "libc++";
				CLANG_ENABLE_MODULES = YES;
				CLANG_ENABLE_OBJC_ARC = YES;
				CLANG_WARN_BOOL_CONVERSION = YES;
				CLANG_WARN_CONSTANT_CONVERSION = YES;
				CLANG_WARN_DIRECT_OBJC_ISA_USAGE = YES_ERROR;
				CLANG_WARN_EMPTY_BODY = YES;
				CLANG_WARN_ENUM_CONVERSION = YES;
				CLANG_WARN_INT_CONVERSION = YES;
				CLANG_WARN_OBJC_ROOT_CLASS = YES_ERROR;
				CLANG_WARN_UNREACHABLE_CODE = YES;
				CLANG_WARN__DUPLICATE_METHOD_MATCH = YES;
				"CODE_SIGN_IDENTITY[sdk=iphoneos*]" = "iPhone Developer";
				COPY_PHASE_STRIP = NO;
				DEBUG_INFORMATION_FORMAT = "dwarf-with-dsym";
				ENABLE_NS_ASSERTIONS = NO;
				ENABLE_STRICT_OBJC_MSGSEND = YES;
				GCC_C_LANGUAGE_STANDARD = gnu99;
				GCC_NO_COMMON_BLOCKS = YES;
				GCC_WARN_64_TO_32_BIT_CONVERSION = YES;
				GCC_WARN_ABOUT_RETURN_TYPE = YES_ERROR;
				GCC_WARN_UNDECLARED_SELECTOR = YES;
				GCC_WARN_UNINITIALIZED_AUTOS = YES_AGGRESSIVE;
				GCC_WARN_UNUSED_FUNCTION = YES;
				GCC_WARN_UNUSED_VARIABLE = YES;
				IPHONEOS_DEPLOYMENT_TARGET = 9.0;
				MTL_ENABLE_DEBUG_INFO = NO;
				SDKROOT = iphoneos;
				VALIDATE_PRODUCT = YES;
			};
			name = Release;
		};
		BFB544701B7AEBC5003F1662 /* Debug */ = {
			isa = XCBuildConfiguration;
			buildSettings = {
				ASSETCATALOG_COMPILER_APPICON_NAME = AppIcon;
				INFOPLIST_FILE = NumberSpinner/Info.plist;
				IPHONEOS_DEPLOYMENT_TARGET = 8.0;
				LD_RUNPATH_SEARCH_PATHS = "$(inherited) @executable_path/Frameworks";
				PRODUCT_BUNDLE_IDENTIFIER = org.fujia.NumberSpinner;
				PRODUCT_NAME = "$(TARGET_NAME)";
			};
			name = Debug;
		};
		BFB544711B7AEBC5003F1662 /* Release */ = {
			isa = XCBuildConfiguration;
			buildSettings = {
				ASSETCATALOG_COMPILER_APPICON_NAME = AppIcon;
				INFOPLIST_FILE = NumberSpinner/Info.plist;
				IPHONEOS_DEPLOYMENT_TARGET = 8.0;
				LD_RUNPATH_SEARCH_PATHS = "$(inherited) @executable_path/Frameworks";
				PRODUCT_BUNDLE_IDENTIFIER = org.fujia.NumberSpinner;
				PRODUCT_NAME = "$(TARGET_NAME)";
			};
			name = Release;
		};
/* End XCBuildConfiguration section */

/* Begin XCConfigurationList section */
		BFB544581B7AEBC5003F1662 /* Build configuration list for PBXProject "NumberSpinner" */ = {
			isa = XCConfigurationList;
			buildConfigurations = (
				BFB5446D1B7AEBC5003F1662 /* Debug */,
				BFB5446E1B7AEBC5003F1662 /* Release */,
			);
			defaultConfigurationIsVisible = 0;
			defaultConfigurationName = Release;
		};
		BFB5446F1B7AEBC5003F1662 /* Build configuration list for PBXNativeTarget "NumberSpinner" */ = {
			isa = XCConfigurationList;
			buildConfigurations = (
				BFB544701B7AEBC5003F1662 /* Debug */,
				BFB544711B7AEBC5003F1662 /* Release */,
			);
			defaultConfigurationIsVisible = 0;
			defaultConfigurationName = Release;
		};
/* End XCConfigurationList section */
	};
	rootObject = BFB544551B7AEBC5003F1662 /* Project object */;
}
